// !$*UTF8*$!
{
	archiveVersion = 1;
	classes = {
	};
	objectVersion = 52;
	objects = {

/* Begin PBXBuildFile section */
		31639F8826A99DD500F5D0E7 /* AppDelegate.swift in Sources */ = {isa = PBXBuildFile; fileRef = 31639F8726A99DD500F5D0E7 /* AppDelegate.swift */; };
		31639F8A26A99DD500F5D0E7 /* SceneDelegate.swift in Sources */ = {isa = PBXBuildFile; fileRef = 31639F8926A99DD500F5D0E7 /* SceneDelegate.swift */; };
		31639F8C26A99DD500F5D0E7 /* ViewController.swift in Sources */ = {isa = PBXBuildFile; fileRef = 31639F8B26A99DD500F5D0E7 /* ViewController.swift */; };
		31639F8F26A99DD500F5D0E7 /* Main.storyboard in Resources */ = {isa = PBXBuildFile; fileRef = 31639F8D26A99DD500F5D0E7 /* Main.storyboard */; };
		31639F9126A99DD800F5D0E7 /* Assets.xcassets in Resources */ = {isa = PBXBuildFile; fileRef = 31639F9026A99DD800F5D0E7 /* Assets.xcassets */; };
		31639F9426A99DD800F5D0E7 /* LaunchScreen.storyboard in Resources */ = {isa = PBXBuildFile; fileRef = 31639F9226A99DD800F5D0E7 /* LaunchScreen.storyboard */; };
		31639F9F26A99DD800F5D0E7 /* AirQualityTests.swift in Sources */ = {isa = PBXBuildFile; fileRef = 31639F9E26A99DD800F5D0E7 /* AirQualityTests.swift */; };
		31639FAA26A99DD800F5D0E7 /* AirQualityUITests.swift in Sources */ = {isa = PBXBuildFile; fileRef = 31639FA926A99DD800F5D0E7 /* AirQualityUITests.swift */; };
		31639FD726A9A39700F5D0E7 /* Accelerate.framework in Frameworks */ = {isa = PBXBuildFile; fileRef = 31639FD626A9A39700F5D0E7 /* Accelerate.framework */; };
		31639FD926A9A3AC00F5D0E7 /* CoreData.framework in Frameworks */ = {isa = PBXBuildFile; fileRef = 31639FD826A9A3AC00F5D0E7 /* CoreData.framework */; };
		31639FDB26A9A58500F5D0E7 /* CoreGraphics.framework in Frameworks */ = {isa = PBXBuildFile; fileRef = 31639FDA26A9A58500F5D0E7 /* CoreGraphics.framework */; };
		31639FDD26A9A59400F5D0E7 /* CoreImage.framework in Frameworks */ = {isa = PBXBuildFile; fileRef = 31639FDC26A9A59400F5D0E7 /* CoreImage.framework */; };
		31639FDF26A9A59B00F5D0E7 /* CoreLocation.framework in Frameworks */ = {isa = PBXBuildFile; fileRef = 31639FDE26A9A59B00F5D0E7 /* CoreLocation.framework */; };
		31639FE126A9A5A300F5D0E7 /* CoreTelephony.framework in Frameworks */ = {isa = PBXBuildFile; fileRef = 31639FE026A9A5A300F5D0E7 /* CoreTelephony.framework */; };
		31639FE326A9A5AC00F5D0E7 /* CoreText.framework in Frameworks */ = {isa = PBXBuildFile; fileRef = 31639FE226A9A5AC00F5D0E7 /* CoreText.framework */; };
		31639FE526A9A5B600F5D0E7 /* GLKit.framework in Frameworks */ = {isa = PBXBuildFile; fileRef = 31639FE426A9A5B600F5D0E7 /* GLKit.framework */; };
		31639FE726A9A5BE00F5D0E7 /* ImageIO.framework in Frameworks */ = {isa = PBXBuildFile; fileRef = 31639FE626A9A5BE00F5D0E7 /* ImageIO.framework */; };
		31639FE926A9A5D900F5D0E7 /* libc++.tbd in Frameworks */ = {isa = PBXBuildFile; fileRef = 31639FE826A9A5D900F5D0E7 /* libc++.tbd */; };
		31639FEB26A9A5E700F5D0E7 /* libz.tbd in Frameworks */ = {isa = PBXBuildFile; fileRef = 31639FEA26A9A5E700F5D0E7 /* libz.tbd */; };
		31639FED26A9A5F100F5D0E7 /* OpenGLES.framework in Frameworks */ = {isa = PBXBuildFile; fileRef = 31639FEC26A9A5F100F5D0E7 /* OpenGLES.framework */; };
		31639FEF26A9A5FA00F5D0E7 /* QuartzCore.framework in Frameworks */ = {isa = PBXBuildFile; fileRef = 31639FEE26A9A5FA00F5D0E7 /* QuartzCore.framework */; };
		31639FF126A9A60200F5D0E7 /* SystemConfiguration.framework in Frameworks */ = {isa = PBXBuildFile; fileRef = 31639FF026A9A60200F5D0E7 /* SystemConfiguration.framework */; };
		31639FF326A9A60A00F5D0E7 /* UIKit.framework in Frameworks */ = {isa = PBXBuildFile; fileRef = 31639FF226A9A60A00F5D0E7 /* UIKit.framework */; };
		3163A01026A9B2D600F5D0E7 /* GoogleMapsBase.framework in Frameworks */ = {isa = PBXBuildFile; fileRef = 3163A00C26A9B2D200F5D0E7 /* GoogleMapsBase.framework */; };
		3163A01126A9B2D600F5D0E7 /* GoogleMapsCore.framework in Frameworks */ = {isa = PBXBuildFile; fileRef = 3163A00D26A9B2D400F5D0E7 /* GoogleMapsCore.framework */; };
		3163A01226A9B2D600F5D0E7 /* GoogleMapsM4B.framework in Frameworks */ = {isa = PBXBuildFile; fileRef = 3163A00E26A9B2D400F5D0E7 /* GoogleMapsM4B.framework */; };
		3163A01326A9B2D600F5D0E7 /* GoogleMaps.framework in Frameworks */ = {isa = PBXBuildFile; fileRef = 3163A00F26A9B2D600F5D0E7 /* GoogleMaps.framework */; };
		3163A01826A9B50600F5D0E7 /* GoogleMaps.bundle in Resources */ = {isa = PBXBuildFile; fileRef = 3163A01726A9B50600F5D0E7 /* GoogleMaps.bundle */; };
		3163A02426A9B66000F5D0E7 /* Alamofire.xcframework in Frameworks */ = {isa = PBXBuildFile; fileRef = 3163A01926A9B64D00F5D0E7 /* Alamofire.xcframework */; };
		3163A02526A9B66000F5D0E7 /* RxSwift.xcframework in Frameworks */ = {isa = PBXBuildFile; fileRef = 3163A01A26A9B65400F5D0E7 /* RxSwift.xcframework */; };
		3163A02626A9B66000F5D0E7 /* ObjectMapper.xcframework in Frameworks */ = {isa = PBXBuildFile; fileRef = 3163A01B26A9B65500F5D0E7 /* ObjectMapper.xcframework */; };
		3163A02726A9B66000F5D0E7 /* XCGLogger.xcframework in Frameworks */ = {isa = PBXBuildFile; fileRef = 3163A01C26A9B65600F5D0E7 /* XCGLogger.xcframework */; };
		3163A02926A9B66000F5D0E7 /* PKHUD.xcframework in Frameworks */ = {isa = PBXBuildFile; fileRef = 3163A01E26A9B65800F5D0E7 /* PKHUD.xcframework */; };
		3163A02A26A9B66000F5D0E7 /* AlamofireObjectMapper.xcframework in Frameworks */ = {isa = PBXBuildFile; fileRef = 3163A01F26A9B65900F5D0E7 /* AlamofireObjectMapper.xcframework */; };
		3163A02B26A9B66000F5D0E7 /* ObjcExceptionBridging.xcframework in Frameworks */ = {isa = PBXBuildFile; fileRef = 3163A02026A9B65900F5D0E7 /* ObjcExceptionBridging.xcframework */; };
		3163A02C26A9B66000F5D0E7 /* RxBlocking.xcframework in Frameworks */ = {isa = PBXBuildFile; fileRef = 3163A02126A9B65A00F5D0E7 /* RxBlocking.xcframework */; };
		3163A02D26A9B66000F5D0E7 /* RxCocoa.xcframework in Frameworks */ = {isa = PBXBuildFile; fileRef = 3163A02226A9B65F00F5D0E7 /* RxCocoa.xcframework */; };
		3163A02E26A9B66000F5D0E7 /* RxRelay.xcframework in Frameworks */ = {isa = PBXBuildFile; fileRef = 3163A02326A9B66000F5D0E7 /* RxRelay.xcframework */; };
/* End PBXBuildFile section */

/* Begin PBXContainerItemProxy section */
		31639F9B26A99DD800F5D0E7 /* PBXContainerItemProxy */ = {
			isa = PBXContainerItemProxy;
			containerPortal = 31639F7C26A99DD500F5D0E7 /* Project object */;
			proxyType = 1;
			remoteGlobalIDString = 31639F8326A99DD500F5D0E7;
			remoteInfo = AirQuality;
		};
		31639FA626A99DD800F5D0E7 /* PBXContainerItemProxy */ = {
			isa = PBXContainerItemProxy;
			containerPortal = 31639F7C26A99DD500F5D0E7 /* Project object */;
			proxyType = 1;
			remoteGlobalIDString = 31639F8326A99DD500F5D0E7;
			remoteInfo = AirQuality;
		};
/* End PBXContainerItemProxy section */

/* Begin PBXCopyFilesBuildPhase section */
		31639FC226A99F6000F5D0E7 /* Embed Frameworks */ = {
			isa = PBXCopyFilesBuildPhase;
			buildActionMask = 2147483647;
			dstPath = "";
			dstSubfolderSpec = 10;
			files = (
			);
			name = "Embed Frameworks";
			runOnlyForDeploymentPostprocessing = 0;
		};
/* End PBXCopyFilesBuildPhase section */

/* Begin PBXFileReference section */
		31639F8426A99DD500F5D0E7 /* AirQuality.app */ = {isa = PBXFileReference; explicitFileType = wrapper.application; includeInIndex = 0; path = AirQuality.app; sourceTree = BUILT_PRODUCTS_DIR; };
		31639F8726A99DD500F5D0E7 /* AppDelegate.swift */ = {isa = PBXFileReference; lastKnownFileType = sourcecode.swift; path = AppDelegate.swift; sourceTree = "<group>"; };
		31639F8926A99DD500F5D0E7 /* SceneDelegate.swift */ = {isa = PBXFileReference; lastKnownFileType = sourcecode.swift; path = SceneDelegate.swift; sourceTree = "<group>"; };
		31639F8B26A99DD500F5D0E7 /* ViewController.swift */ = {isa = PBXFileReference; lastKnownFileType = sourcecode.swift; path = ViewController.swift; sourceTree = "<group>"; };
		31639F8E26A99DD500F5D0E7 /* Base */ = {isa = PBXFileReference; lastKnownFileType = file.storyboard; name = Base; path = Base.lproj/Main.storyboard; sourceTree = "<group>"; };
		31639F9026A99DD800F5D0E7 /* Assets.xcassets */ = {isa = PBXFileReference; lastKnownFileType = folder.assetcatalog; path = Assets.xcassets; sourceTree = "<group>"; };
		31639F9326A99DD800F5D0E7 /* Base */ = {isa = PBXFileReference; lastKnownFileType = file.storyboard; name = Base; path = Base.lproj/LaunchScreen.storyboard; sourceTree = "<group>"; };
		31639F9526A99DD800F5D0E7 /* Info.plist */ = {isa = PBXFileReference; lastKnownFileType = text.plist.xml; path = Info.plist; sourceTree = "<group>"; };
		31639F9A26A99DD800F5D0E7 /* AirQualityTests.xctest */ = {isa = PBXFileReference; explicitFileType = wrapper.cfbundle; includeInIndex = 0; path = AirQualityTests.xctest; sourceTree = BUILT_PRODUCTS_DIR; };
		31639F9E26A99DD800F5D0E7 /* AirQualityTests.swift */ = {isa = PBXFileReference; lastKnownFileType = sourcecode.swift; path = AirQualityTests.swift; sourceTree = "<group>"; };
		31639FA026A99DD800F5D0E7 /* Info.plist */ = {isa = PBXFileReference; lastKnownFileType = text.plist.xml; path = Info.plist; sourceTree = "<group>"; };
		31639FA526A99DD800F5D0E7 /* AirQualityUITests.xctest */ = {isa = PBXFileReference; explicitFileType = wrapper.cfbundle; includeInIndex = 0; path = AirQualityUITests.xctest; sourceTree = BUILT_PRODUCTS_DIR; };
		31639FA926A99DD800F5D0E7 /* AirQualityUITests.swift */ = {isa = PBXFileReference; lastKnownFileType = sourcecode.swift; path = AirQualityUITests.swift; sourceTree = "<group>"; };
		31639FAB26A99DD800F5D0E7 /* Info.plist */ = {isa = PBXFileReference; lastKnownFileType = text.plist.xml; path = Info.plist; sourceTree = "<group>"; };
		31639FD626A9A39700F5D0E7 /* Accelerate.framework */ = {isa = PBXFileReference; lastKnownFileType = wrapper.framework; name = Accelerate.framework; path = System/Library/Frameworks/Accelerate.framework; sourceTree = SDKROOT; };
		31639FD826A9A3AC00F5D0E7 /* CoreData.framework */ = {isa = PBXFileReference; lastKnownFileType = wrapper.framework; name = CoreData.framework; path = System/Library/Frameworks/CoreData.framework; sourceTree = SDKROOT; };
		31639FDA26A9A58500F5D0E7 /* CoreGraphics.framework */ = {isa = PBXFileReference; lastKnownFileType = wrapper.framework; name = CoreGraphics.framework; path = System/Library/Frameworks/CoreGraphics.framework; sourceTree = SDKROOT; };
		31639FDC26A9A59400F5D0E7 /* CoreImage.framework */ = {isa = PBXFileReference; lastKnownFileType = wrapper.framework; name = CoreImage.framework; path = System/Library/Frameworks/CoreImage.framework; sourceTree = SDKROOT; };
		31639FDE26A9A59B00F5D0E7 /* CoreLocation.framework */ = {isa = PBXFileReference; lastKnownFileType = wrapper.framework; name = CoreLocation.framework; path = System/Library/Frameworks/CoreLocation.framework; sourceTree = SDKROOT; };
		31639FE026A9A5A300F5D0E7 /* CoreTelephony.framework */ = {isa = PBXFileReference; lastKnownFileType = wrapper.framework; name = CoreTelephony.framework; path = System/Library/Frameworks/CoreTelephony.framework; sourceTree = SDKROOT; };
		31639FE226A9A5AC00F5D0E7 /* CoreText.framework */ = {isa = PBXFileReference; lastKnownFileType = wrapper.framework; name = CoreText.framework; path = System/Library/Frameworks/CoreText.framework; sourceTree = SDKROOT; };
		31639FE426A9A5B600F5D0E7 /* GLKit.framework */ = {isa = PBXFileReference; lastKnownFileType = wrapper.framework; name = GLKit.framework; path = System/Library/Frameworks/GLKit.framework; sourceTree = SDKROOT; };
		31639FE626A9A5BE00F5D0E7 /* ImageIO.framework */ = {isa = PBXFileReference; lastKnownFileType = wrapper.framework; name = ImageIO.framework; path = System/Library/Frameworks/ImageIO.framework; sourceTree = SDKROOT; };
		31639FE826A9A5D900F5D0E7 /* libc++.tbd */ = {isa = PBXFileReference; lastKnownFileType = "sourcecode.text-based-dylib-definition"; name = "libc++.tbd"; path = "usr/lib/libc++.tbd"; sourceTree = SDKROOT; };
		31639FEA26A9A5E700F5D0E7 /* libz.tbd */ = {isa = PBXFileReference; lastKnownFileType = "sourcecode.text-based-dylib-definition"; name = libz.tbd; path = usr/lib/libz.tbd; sourceTree = SDKROOT; };
		31639FEC26A9A5F100F5D0E7 /* OpenGLES.framework */ = {isa = PBXFileReference; lastKnownFileType = wrapper.framework; name = OpenGLES.framework; path = System/Library/Frameworks/OpenGLES.framework; sourceTree = SDKROOT; };
		31639FEE26A9A5FA00F5D0E7 /* QuartzCore.framework */ = {isa = PBXFileReference; lastKnownFileType = wrapper.framework; name = QuartzCore.framework; path = System/Library/Frameworks/QuartzCore.framework; sourceTree = SDKROOT; };
		31639FF026A9A60200F5D0E7 /* SystemConfiguration.framework */ = {isa = PBXFileReference; lastKnownFileType = wrapper.framework; name = SystemConfiguration.framework; path = System/Library/Frameworks/SystemConfiguration.framework; sourceTree = SDKROOT; };
		31639FF226A9A60A00F5D0E7 /* UIKit.framework */ = {isa = PBXFileReference; lastKnownFileType = wrapper.framework; name = UIKit.framework; path = System/Library/Frameworks/UIKit.framework; sourceTree = SDKROOT; };
		3163A00C26A9B2D200F5D0E7 /* GoogleMapsBase.framework */ = {isa = PBXFileReference; lastKnownFileType = wrapper.framework; path = GoogleMapsBase.framework; sourceTree = "<group>"; };
		3163A00D26A9B2D400F5D0E7 /* GoogleMapsCore.framework */ = {isa = PBXFileReference; lastKnownFileType = wrapper.framework; path = GoogleMapsCore.framework; sourceTree = "<group>"; };
		3163A00E26A9B2D400F5D0E7 /* GoogleMapsM4B.framework */ = {isa = PBXFileReference; lastKnownFileType = wrapper.framework; path = GoogleMapsM4B.framework; sourceTree = "<group>"; };
		3163A00F26A9B2D600F5D0E7 /* GoogleMaps.framework */ = {isa = PBXFileReference; lastKnownFileType = wrapper.framework; path = GoogleMaps.framework; sourceTree = "<group>"; };
		3163A01726A9B50600F5D0E7 /* GoogleMaps.bundle */ = {isa = PBXFileReference; lastKnownFileType = "wrapper.plug-in"; name = GoogleMaps.bundle; path = AirQuality/Framework/GoogleMaps.framework/Resources/GoogleMaps.bundle; sourceTree = "<group>"; };
		3163A01926A9B64D00F5D0E7 /* Alamofire.xcframework */ = {isa = PBXFileReference; lastKnownFileType = wrapper.xcframework; path = Alamofire.xcframework; sourceTree = "<group>"; };
		3163A01A26A9B65400F5D0E7 /* RxSwift.xcframework */ = {isa = PBXFileReference; lastKnownFileType = wrapper.xcframework; path = RxSwift.xcframework; sourceTree = "<group>"; };
		3163A01B26A9B65500F5D0E7 /* ObjectMapper.xcframework */ = {isa = PBXFileReference; lastKnownFileType = wrapper.xcframework; path = ObjectMapper.xcframework; sourceTree = "<group>"; };
		3163A01C26A9B65600F5D0E7 /* XCGLogger.xcframework */ = {isa = PBXFileReference; lastKnownFileType = wrapper.xcframework; path = XCGLogger.xcframework; sourceTree = "<group>"; };
		3163A01E26A9B65800F5D0E7 /* PKHUD.xcframework */ = {isa = PBXFileReference; lastKnownFileType = wrapper.xcframework; path = PKHUD.xcframework; sourceTree = "<group>"; };
		3163A01F26A9B65900F5D0E7 /* AlamofireObjectMapper.xcframework */ = {isa = PBXFileReference; lastKnownFileType = wrapper.xcframework; path = AlamofireObjectMapper.xcframework; sourceTree = "<group>"; };
		3163A02026A9B65900F5D0E7 /* ObjcExceptionBridging.xcframework */ = {isa = PBXFileReference; lastKnownFileType = wrapper.xcframework; path = ObjcExceptionBridging.xcframework; sourceTree = "<group>"; };
		3163A02126A9B65A00F5D0E7 /* RxBlocking.xcframework */ = {isa = PBXFileReference; lastKnownFileType = wrapper.xcframework; path = RxBlocking.xcframework; sourceTree = "<group>"; };
		3163A02226A9B65F00F5D0E7 /* RxCocoa.xcframework */ = {isa = PBXFileReference; lastKnownFileType = wrapper.xcframework; path = RxCocoa.xcframework; sourceTree = "<group>"; };
		3163A02326A9B66000F5D0E7 /* RxRelay.xcframework */ = {isa = PBXFileReference; lastKnownFileType = wrapper.xcframework; path = RxRelay.xcframework; sourceTree = "<group>"; };
/* End PBXFileReference section */

/* Begin PBXFrameworksBuildPhase section */
		31639F8126A99DD500F5D0E7 /* Frameworks */ = {
			isa = PBXFrameworksBuildPhase;
			buildActionMask = 2147483647;
			files = (
				3163A02426A9B66000F5D0E7 /* Alamofire.xcframework in Frameworks */,
				3163A01326A9B2D600F5D0E7 /* GoogleMaps.framework in Frameworks */,
				3163A02926A9B66000F5D0E7 /* PKHUD.xcframework in Frameworks */,
				3163A02E26A9B66000F5D0E7 /* RxRelay.xcframework in Frameworks */,
				3163A01226A9B2D600F5D0E7 /* GoogleMapsM4B.framework in Frameworks */,
				31639FF326A9A60A00F5D0E7 /* UIKit.framework in Frameworks */,
				31639FF126A9A60200F5D0E7 /* SystemConfiguration.framework in Frameworks */,
				3163A01126A9B2D600F5D0E7 /* GoogleMapsCore.framework in Frameworks */,
				31639FEF26A9A5FA00F5D0E7 /* QuartzCore.framework in Frameworks */,
				31639FED26A9A5F100F5D0E7 /* OpenGLES.framework in Frameworks */,
				3163A02B26A9B66000F5D0E7 /* ObjcExceptionBridging.xcframework in Frameworks */,
				31639FEB26A9A5E700F5D0E7 /* libz.tbd in Frameworks */,
				31639FE926A9A5D900F5D0E7 /* libc++.tbd in Frameworks */,
				3163A02C26A9B66000F5D0E7 /* RxBlocking.xcframework in Frameworks */,
				31639FE726A9A5BE00F5D0E7 /* ImageIO.framework in Frameworks */,
				3163A02A26A9B66000F5D0E7 /* AlamofireObjectMapper.xcframework in Frameworks */,
				31639FE526A9A5B600F5D0E7 /* GLKit.framework in Frameworks */,
				31639FE326A9A5AC00F5D0E7 /* CoreText.framework in Frameworks */,
				31639FE126A9A5A300F5D0E7 /* CoreTelephony.framework in Frameworks */,
				31639FDF26A9A59B00F5D0E7 /* CoreLocation.framework in Frameworks */,
				3163A02D26A9B66000F5D0E7 /* RxCocoa.xcframework in Frameworks */,
				31639FDD26A9A59400F5D0E7 /* CoreImage.framework in Frameworks */,
				31639FDB26A9A58500F5D0E7 /* CoreGraphics.framework in Frameworks */,
				3163A01026A9B2D600F5D0E7 /* GoogleMapsBase.framework in Frameworks */,
				3163A02726A9B66000F5D0E7 /* XCGLogger.xcframework in Frameworks */,
				3163A02526A9B66000F5D0E7 /* RxSwift.xcframework in Frameworks */,
				31639FD926A9A3AC00F5D0E7 /* CoreData.framework in Frameworks */,
				31639FD726A9A39700F5D0E7 /* Accelerate.framework in Frameworks */,
				3163A02626A9B66000F5D0E7 /* ObjectMapper.xcframework in Frameworks */,
			);
			runOnlyForDeploymentPostprocessing = 0;
		};
		31639F9726A99DD800F5D0E7 /* Frameworks */ = {
			isa = PBXFrameworksBuildPhase;
			buildActionMask = 2147483647;
			files = (
			);
			runOnlyForDeploymentPostprocessing = 0;
		};
		31639FA226A99DD800F5D0E7 /* Frameworks */ = {
			isa = PBXFrameworksBuildPhase;
			buildActionMask = 2147483647;
			files = (
			);
			runOnlyForDeploymentPostprocessing = 0;
		};
/* End PBXFrameworksBuildPhase section */

/* Begin PBXGroup section */
		31639F7B26A99DD500F5D0E7 = {
			isa = PBXGroup;
			children = (
				3163A01726A9B50600F5D0E7 /* GoogleMaps.bundle */,
				31639F8626A99DD500F5D0E7 /* AirQuality */,
				31639F9D26A99DD800F5D0E7 /* AirQualityTests */,
				31639FA826A99DD800F5D0E7 /* AirQualityUITests */,
				31639F8526A99DD500F5D0E7 /* Products */,
				31639FD526A9A39700F5D0E7 /* Frameworks */,
			);
			sourceTree = "<group>";
		};
		31639F8526A99DD500F5D0E7 /* Products */ = {
			isa = PBXGroup;
			children = (
				31639F8426A99DD500F5D0E7 /* AirQuality.app */,
				31639F9A26A99DD800F5D0E7 /* AirQualityTests.xctest */,
				31639FA526A99DD800F5D0E7 /* AirQualityUITests.xctest */,
			);
			name = Products;
			sourceTree = "<group>";
		};
		31639F8626A99DD500F5D0E7 /* AirQuality */ = {
			isa = PBXGroup;
			children = (
				31639FB726A99F4800F5D0E7 /* Framework */,
				31639F8726A99DD500F5D0E7 /* AppDelegate.swift */,
				31639F8926A99DD500F5D0E7 /* SceneDelegate.swift */,
				31639F8B26A99DD500F5D0E7 /* ViewController.swift */,
				31639F8D26A99DD500F5D0E7 /* Main.storyboard */,
				31639F9026A99DD800F5D0E7 /* Assets.xcassets */,
				31639F9226A99DD800F5D0E7 /* LaunchScreen.storyboard */,
				31639F9526A99DD800F5D0E7 /* Info.plist */,
			);
			path = AirQuality;
			sourceTree = "<group>";
		};
		31639F9D26A99DD800F5D0E7 /* AirQualityTests */ = {
			isa = PBXGroup;
			children = (
				31639F9E26A99DD800F5D0E7 /* AirQualityTests.swift */,
				31639FA026A99DD800F5D0E7 /* Info.plist */,
			);
			path = AirQualityTests;
			sourceTree = "<group>";
		};
		31639FA826A99DD800F5D0E7 /* AirQualityUITests */ = {
			isa = PBXGroup;
			children = (
				31639FA926A99DD800F5D0E7 /* AirQualityUITests.swift */,
				31639FAB26A99DD800F5D0E7 /* Info.plist */,
			);
			path = AirQualityUITests;
			sourceTree = "<group>";
		};
		31639FB726A99F4800F5D0E7 /* Framework */ = {
			isa = PBXGroup;
			children = (
				3163A01926A9B64D00F5D0E7 /* Alamofire.xcframework */,
				3163A01F26A9B65900F5D0E7 /* AlamofireObjectMapper.xcframework */,
				3163A02026A9B65900F5D0E7 /* ObjcExceptionBridging.xcframework */,
				3163A01B26A9B65500F5D0E7 /* ObjectMapper.xcframework */,
				3163A01E26A9B65800F5D0E7 /* PKHUD.xcframework */,
				3163A02126A9B65A00F5D0E7 /* RxBlocking.xcframework */,
				3163A02226A9B65F00F5D0E7 /* RxCocoa.xcframework */,
				3163A02326A9B66000F5D0E7 /* RxRelay.xcframework */,
				3163A01A26A9B65400F5D0E7 /* RxSwift.xcframework */,
				3163A01C26A9B65600F5D0E7 /* XCGLogger.xcframework */,
				3163A00F26A9B2D600F5D0E7 /* GoogleMaps.framework */,
				3163A00C26A9B2D200F5D0E7 /* GoogleMapsBase.framework */,
				3163A00D26A9B2D400F5D0E7 /* GoogleMapsCore.framework */,
				3163A00E26A9B2D400F5D0E7 /* GoogleMapsM4B.framework */,
			);
			path = Framework;
			sourceTree = "<group>";
		};
		31639FD526A9A39700F5D0E7 /* Frameworks */ = {
			isa = PBXGroup;
			children = (
				31639FF226A9A60A00F5D0E7 /* UIKit.framework */,
				31639FF026A9A60200F5D0E7 /* SystemConfiguration.framework */,
				31639FEE26A9A5FA00F5D0E7 /* QuartzCore.framework */,
				31639FEC26A9A5F100F5D0E7 /* OpenGLES.framework */,
				31639FEA26A9A5E700F5D0E7 /* libz.tbd */,
				31639FE826A9A5D900F5D0E7 /* libc++.tbd */,
				31639FE626A9A5BE00F5D0E7 /* ImageIO.framework */,
				31639FE426A9A5B600F5D0E7 /* GLKit.framework */,
				31639FE226A9A5AC00F5D0E7 /* CoreText.framework */,
				31639FE026A9A5A300F5D0E7 /* CoreTelephony.framework */,
				31639FDE26A9A59B00F5D0E7 /* CoreLocation.framework */,
				31639FDC26A9A59400F5D0E7 /* CoreImage.framework */,
				31639FDA26A9A58500F5D0E7 /* CoreGraphics.framework */,
				31639FD826A9A3AC00F5D0E7 /* CoreData.framework */,
				31639FD626A9A39700F5D0E7 /* Accelerate.framework */,
			);
			name = Frameworks;
			sourceTree = "<group>";
		};
/* End PBXGroup section */

/* Begin PBXNativeTarget section */
		31639F8326A99DD500F5D0E7 /* AirQuality */ = {
			isa = PBXNativeTarget;
			buildConfigurationList = 31639FAE26A99DD800F5D0E7 /* Build configuration list for PBXNativeTarget "AirQuality" */;
			buildPhases = (
				31639F8026A99DD500F5D0E7 /* Sources */,
				31639F8126A99DD500F5D0E7 /* Frameworks */,
				31639F8226A99DD500F5D0E7 /* Resources */,
				31639FC226A99F6000F5D0E7 /* Embed Frameworks */,
			);
			buildRules = (
			);
			dependencies = (
			);
			name = AirQuality;
			productName = AirQuality;
			productReference = 31639F8426A99DD500F5D0E7 /* AirQuality.app */;
			productType = "com.apple.product-type.application";
		};
		31639F9926A99DD800F5D0E7 /* AirQualityTests */ = {
			isa = PBXNativeTarget;
			buildConfigurationList = 31639FB126A99DD800F5D0E7 /* Build configuration list for PBXNativeTarget "AirQualityTests" */;
			buildPhases = (
				31639F9626A99DD800F5D0E7 /* Sources */,
				31639F9726A99DD800F5D0E7 /* Frameworks */,
				31639F9826A99DD800F5D0E7 /* Resources */,
			);
			buildRules = (
			);
			dependencies = (
				31639F9C26A99DD800F5D0E7 /* PBXTargetDependency */,
			);
			name = AirQualityTests;
			productName = AirQualityTests;
			productReference = 31639F9A26A99DD800F5D0E7 /* AirQualityTests.xctest */;
			productType = "com.apple.product-type.bundle.unit-test";
		};
		31639FA426A99DD800F5D0E7 /* AirQualityUITests */ = {
			isa = PBXNativeTarget;
			buildConfigurationList = 31639FB426A99DD800F5D0E7 /* Build configuration list for PBXNativeTarget "AirQualityUITests" */;
			buildPhases = (
				31639FA126A99DD800F5D0E7 /* Sources */,
				31639FA226A99DD800F5D0E7 /* Frameworks */,
				31639FA326A99DD800F5D0E7 /* Resources */,
			);
			buildRules = (
			);
			dependencies = (
				31639FA726A99DD800F5D0E7 /* PBXTargetDependency */,
			);
			name = AirQualityUITests;
			productName = AirQualityUITests;
			productReference = 31639FA526A99DD800F5D0E7 /* AirQualityUITests.xctest */;
			productType = "com.apple.product-type.bundle.ui-testing";
		};
/* End PBXNativeTarget section */

/* Begin PBXProject section */
		31639F7C26A99DD500F5D0E7 /* Project object */ = {
			isa = PBXProject;
			attributes = {
				LastSwiftUpdateCheck = 1250;
				LastUpgradeCheck = 1250;
				TargetAttributes = {
					31639F8326A99DD500F5D0E7 = {
						CreatedOnToolsVersion = 12.5.1;
					};
					31639F9926A99DD800F5D0E7 = {
						CreatedOnToolsVersion = 12.5.1;
						TestTargetID = 31639F8326A99DD500F5D0E7;
					};
					31639FA426A99DD800F5D0E7 = {
						CreatedOnToolsVersion = 12.5.1;
						TestTargetID = 31639F8326A99DD500F5D0E7;
					};
				};
			};
			buildConfigurationList = 31639F7F26A99DD500F5D0E7 /* Build configuration list for PBXProject "AirQuality" */;
			compatibilityVersion = "Xcode 9.3";
			developmentRegion = en;
			hasScannedForEncodings = 0;
			knownRegions = (
				en,
				Base,
			);
			mainGroup = 31639F7B26A99DD500F5D0E7;
			productRefGroup = 31639F8526A99DD500F5D0E7 /* Products */;
			projectDirPath = "";
			projectRoot = "";
			targets = (
				31639F8326A99DD500F5D0E7 /* AirQuality */,
				31639F9926A99DD800F5D0E7 /* AirQualityTests */,
				31639FA426A99DD800F5D0E7 /* AirQualityUITests */,
			);
		};
/* End PBXProject section */

/* Begin PBXResourcesBuildPhase section */
		31639F8226A99DD500F5D0E7 /* Resources */ = {
			isa = PBXResourcesBuildPhase;
			buildActionMask = 2147483647;
			files = (
				31639F9426A99DD800F5D0E7 /* LaunchScreen.storyboard in Resources */,
				31639F9126A99DD800F5D0E7 /* Assets.xcassets in Resources */,
				31639F8F26A99DD500F5D0E7 /* Main.storyboard in Resources */,
				3163A01826A9B50600F5D0E7 /* GoogleMaps.bundle in Resources */,
			);
			runOnlyForDeploymentPostprocessing = 0;
		};
		31639F9826A99DD800F5D0E7 /* Resources */ = {
			isa = PBXResourcesBuildPhase;
			buildActionMask = 2147483647;
			files = (
			);
			runOnlyForDeploymentPostprocessing = 0;
		};
		31639FA326A99DD800F5D0E7 /* Resources */ = {
			isa = PBXResourcesBuildPhase;
			buildActionMask = 2147483647;
			files = (
			);
			runOnlyForDeploymentPostprocessing = 0;
		};
/* End PBXResourcesBuildPhase section */

/* Begin PBXSourcesBuildPhase section */
		31639F8026A99DD500F5D0E7 /* Sources */ = {
			isa = PBXSourcesBuildPhase;
			buildActionMask = 2147483647;
			files = (
				31639F8C26A99DD500F5D0E7 /* ViewController.swift in Sources */,
				31639F8826A99DD500F5D0E7 /* AppDelegate.swift in Sources */,
				31639F8A26A99DD500F5D0E7 /* SceneDelegate.swift in Sources */,
			);
			runOnlyForDeploymentPostprocessing = 0;
		};
		31639F9626A99DD800F5D0E7 /* Sources */ = {
			isa = PBXSourcesBuildPhase;
			buildActionMask = 2147483647;
			files = (
				31639F9F26A99DD800F5D0E7 /* AirQualityTests.swift in Sources */,
			);
			runOnlyForDeploymentPostprocessing = 0;
		};
		31639FA126A99DD800F5D0E7 /* Sources */ = {
			isa = PBXSourcesBuildPhase;
			buildActionMask = 2147483647;
			files = (
				31639FAA26A99DD800F5D0E7 /* AirQualityUITests.swift in Sources */,
			);
			runOnlyForDeploymentPostprocessing = 0;
		};
/* End PBXSourcesBuildPhase section */

/* Begin PBXTargetDependency section */
		31639F9C26A99DD800F5D0E7 /* PBXTargetDependency */ = {
			isa = PBXTargetDependency;
			target = 31639F8326A99DD500F5D0E7 /* AirQuality */;
			targetProxy = 31639F9B26A99DD800F5D0E7 /* PBXContainerItemProxy */;
		};
		31639FA726A99DD800F5D0E7 /* PBXTargetDependency */ = {
			isa = PBXTargetDependency;
			target = 31639F8326A99DD500F5D0E7 /* AirQuality */;
			targetProxy = 31639FA626A99DD800F5D0E7 /* PBXContainerItemProxy */;
		};
/* End PBXTargetDependency section */

/* Begin PBXVariantGroup section */
		31639F8D26A99DD500F5D0E7 /* Main.storyboard */ = {
			isa = PBXVariantGroup;
			children = (
				31639F8E26A99DD500F5D0E7 /* Base */,
			);
			name = Main.storyboard;
			sourceTree = "<group>";
		};
		31639F9226A99DD800F5D0E7 /* LaunchScreen.storyboard */ = {
			isa = PBXVariantGroup;
			children = (
				31639F9326A99DD800F5D0E7 /* Base */,
			);
			name = LaunchScreen.storyboard;
			sourceTree = "<group>";
		};
/* End PBXVariantGroup section */

/* Begin XCBuildConfiguration section */
		31639FAC26A99DD800F5D0E7 /* Debug */ = {
			isa = XCBuildConfiguration;
			buildSettings = {
				ALWAYS_SEARCH_USER_PATHS = NO;
				CLANG_ANALYZER_NONNULL = YES;
				CLANG_ANALYZER_NUMBER_OBJECT_CONVERSION = YES_AGGRESSIVE;
				CLANG_CXX_LANGUAGE_STANDARD = "gnu++14";
				CLANG_CXX_LIBRARY = "libc++";
				CLANG_ENABLE_MODULES = YES;
				CLANG_ENABLE_OBJC_ARC = YES;
				CLANG_ENABLE_OBJC_WEAK = YES;
				CLANG_WARN_BLOCK_CAPTURE_AUTORELEASING = YES;
				CLANG_WARN_BOOL_CONVERSION = YES;
				CLANG_WARN_COMMA = YES;
				CLANG_WARN_CONSTANT_CONVERSION = YES;
				CLANG_WARN_DEPRECATED_OBJC_IMPLEMENTATIONS = YES;
				CLANG_WARN_DIRECT_OBJC_ISA_USAGE = YES_ERROR;
				CLANG_WARN_DOCUMENTATION_COMMENTS = YES;
				CLANG_WARN_EMPTY_BODY = YES;
				CLANG_WARN_ENUM_CONVERSION = YES;
				CLANG_WARN_INFINITE_RECURSION = YES;
				CLANG_WARN_INT_CONVERSION = YES;
				CLANG_WARN_NON_LITERAL_NULL_CONVERSION = YES;
				CLANG_WARN_OBJC_IMPLICIT_RETAIN_SELF = YES;
				CLANG_WARN_OBJC_LITERAL_CONVERSION = YES;
				CLANG_WARN_OBJC_ROOT_CLASS = YES_ERROR;
				CLANG_WARN_QUOTED_INCLUDE_IN_FRAMEWORK_HEADER = YES;
				CLANG_WARN_RANGE_LOOP_ANALYSIS = YES;
				CLANG_WARN_STRICT_PROTOTYPES = YES;
				CLANG_WARN_SUSPICIOUS_MOVE = YES;
				CLANG_WARN_UNGUARDED_AVAILABILITY = YES_AGGRESSIVE;
				CLANG_WARN_UNREACHABLE_CODE = YES;
				CLANG_WARN__DUPLICATE_METHOD_MATCH = YES;
				COPY_PHASE_STRIP = NO;
				DEBUG_INFORMATION_FORMAT = dwarf;
				ENABLE_STRICT_OBJC_MSGSEND = YES;
				ENABLE_TESTABILITY = YES;
				GCC_C_LANGUAGE_STANDARD = gnu11;
				GCC_DYNAMIC_NO_PIC = NO;
				GCC_NO_COMMON_BLOCKS = YES;
				GCC_OPTIMIZATION_LEVEL = 0;
				GCC_PREPROCESSOR_DEFINITIONS = (
					"DEBUG=1",
					"$(inherited)",
				);
				GCC_WARN_64_TO_32_BIT_CONVERSION = YES;
				GCC_WARN_ABOUT_RETURN_TYPE = YES_ERROR;
				GCC_WARN_UNDECLARED_SELECTOR = YES;
				GCC_WARN_UNINITIALIZED_AUTOS = YES_AGGRESSIVE;
				GCC_WARN_UNUSED_FUNCTION = YES;
				GCC_WARN_UNUSED_VARIABLE = YES;
				IPHONEOS_DEPLOYMENT_TARGET = 14.5;
				MTL_ENABLE_DEBUG_INFO = INCLUDE_SOURCE;
				MTL_FAST_MATH = YES;
				ONLY_ACTIVE_ARCH = YES;
				SDKROOT = iphoneos;
				SWIFT_ACTIVE_COMPILATION_CONDITIONS = DEBUG;
				SWIFT_OPTIMIZATION_LEVEL = "-Onone";
			};
			name = Debug;
		};
		31639FAD26A99DD800F5D0E7 /* Release */ = {
			isa = XCBuildConfiguration;
			buildSettings = {
				ALWAYS_SEARCH_USER_PATHS = NO;
				CLANG_ANALYZER_NONNULL = YES;
				CLANG_ANALYZER_NUMBER_OBJECT_CONVERSION = YES_AGGRESSIVE;
				CLANG_CXX_LANGUAGE_STANDARD = "gnu++14";
				CLANG_CXX_LIBRARY = "libc++";
				CLANG_ENABLE_MODULES = YES;
				CLANG_ENABLE_OBJC_ARC = YES;
				CLANG_ENABLE_OBJC_WEAK = YES;
				CLANG_WARN_BLOCK_CAPTURE_AUTORELEASING = YES;
				CLANG_WARN_BOOL_CONVERSION = YES;
				CLANG_WARN_COMMA = YES;
				CLANG_WARN_CONSTANT_CONVERSION = YES;
				CLANG_WARN_DEPRECATED_OBJC_IMPLEMENTATIONS = YES;
				CLANG_WARN_DIRECT_OBJC_ISA_USAGE = YES_ERROR;
				CLANG_WARN_DOCUMENTATION_COMMENTS = YES;
				CLANG_WARN_EMPTY_BODY = YES;
				CLANG_WARN_ENUM_CONVERSION = YES;
				CLANG_WARN_INFINITE_RECURSION = YES;
				CLANG_WARN_INT_CONVERSION = YES;
				CLANG_WARN_NON_LITERAL_NULL_CONVERSION = YES;
				CLANG_WARN_OBJC_IMPLICIT_RETAIN_SELF = YES;
				CLANG_WARN_OBJC_LITERAL_CONVERSION = YES;
				CLANG_WARN_OBJC_ROOT_CLASS = YES_ERROR;
				CLANG_WARN_QUOTED_INCLUDE_IN_FRAMEWORK_HEADER = YES;
				CLANG_WARN_RANGE_LOOP_ANALYSIS = YES;
				CLANG_WARN_STRICT_PROTOTYPES = YES;
				CLANG_WARN_SUSPICIOUS_MOVE = YES;
				CLANG_WARN_UNGUARDED_AVAILABILITY = YES_AGGRESSIVE;
				CLANG_WARN_UNREACHABLE_CODE = YES;
				CLANG_WARN__DUPLICATE_METHOD_MATCH = YES;
				COPY_PHASE_STRIP = NO;
				DEBUG_INFORMATION_FORMAT = "dwarf-with-dsym";
				ENABLE_NS_ASSERTIONS = NO;
				ENABLE_STRICT_OBJC_MSGSEND = YES;
				GCC_C_LANGUAGE_STANDARD = gnu11;
				GCC_NO_COMMON_BLOCKS = YES;
				GCC_WARN_64_TO_32_BIT_CONVERSION = YES;
				GCC_WARN_ABOUT_RETURN_TYPE = YES_ERROR;
				GCC_WARN_UNDECLARED_SELECTOR = YES;
				GCC_WARN_UNINITIALIZED_AUTOS = YES_AGGRESSIVE;
				GCC_WARN_UNUSED_FUNCTION = YES;
				GCC_WARN_UNUSED_VARIABLE = YES;
				IPHONEOS_DEPLOYMENT_TARGET = 14.5;
				MTL_ENABLE_DEBUG_INFO = NO;
				MTL_FAST_MATH = YES;
				SDKROOT = iphoneos;
				SWIFT_COMPILATION_MODE = wholemodule;
				SWIFT_OPTIMIZATION_LEVEL = "-O";
				VALIDATE_PRODUCT = YES;
			};
			name = Release;
		};
		31639FAF26A99DD800F5D0E7 /* Debug */ = {
			isa = XCBuildConfiguration;
			buildSettings = {
				ASSETCATALOG_COMPILER_APPICON_NAME = AppIcon;
				ASSETCATALOG_COMPILER_GLOBAL_ACCENT_COLOR_NAME = AccentColor;
				CODE_SIGN_STYLE = Automatic;
				DEVELOPMENT_TEAM = AQHNXZHZ8T;
				FRAMEWORK_SEARCH_PATHS = (
					"$(inherited)",
					"$(PROJECT_DIR)/AirQuality/Framework",
				);
				INFOPLIST_FILE = AirQuality/Info.plist;
				LD_RUNPATH_SEARCH_PATHS = (
					"$(inherited)",
					"@executable_path/Frameworks",
				);
				OTHER_LDFLAGS = "-ObjC";
				PRODUCT_BUNDLE_IDENTIFIER = co.tpcreative.AirQuality;
				PRODUCT_NAME = "$(TARGET_NAME)";
				SWIFT_VERSION = 5.0;
				TARGETED_DEVICE_FAMILY = "1,2";
				VALIDATE_WORKSPACE = NO;
			};
			name = Debug;
		};
		31639FB026A99DD800F5D0E7 /* Release */ = {
			isa = XCBuildConfiguration;
			buildSettings = {
				ASSETCATALOG_COMPILER_APPICON_NAME = AppIcon;
				ASSETCATALOG_COMPILER_GLOBAL_ACCENT_COLOR_NAME = AccentColor;
				CODE_SIGN_STYLE = Automatic;
				DEVELOPMENT_TEAM = AQHNXZHZ8T;
				FRAMEWORK_SEARCH_PATHS = (
					"$(inherited)",
					"$(PROJECT_DIR)/AirQuality/Framework",
				);
				INFOPLIST_FILE = AirQuality/Info.plist;
				LD_RUNPATH_SEARCH_PATHS = (
					"$(inherited)",
					"@executable_path/Frameworks",
				);
				OTHER_LDFLAGS = "-ObjC";
				PRODUCT_BUNDLE_IDENTIFIER = co.tpcreative.AirQuality;
				PRODUCT_NAME = "$(TARGET_NAME)";
				SWIFT_VERSION = 5.0;
				TARGETED_DEVICE_FAMILY = "1,2";
				VALIDATE_WORKSPACE = NO;
			};
			name = Release;
		};
		31639FB226A99DD800F5D0E7 /* Debug */ = {
			isa = XCBuildConfiguration;
			buildSettings = {
				ALWAYS_EMBED_SWIFT_STANDARD_LIBRARIES = YES;
				BUNDLE_LOADER = "$(TEST_HOST)";
				CODE_SIGN_STYLE = Automatic;
				DEVELOPMENT_TEAM = AQHNXZHZ8T;
				INFOPLIST_FILE = AirQualityTests/Info.plist;
				IPHONEOS_DEPLOYMENT_TARGET = 14.5;
				LD_RUNPATH_SEARCH_PATHS = (
					"$(inherited)",
					"@executable_path/Frameworks",
					"@loader_path/Frameworks",
				);
				PRODUCT_BUNDLE_IDENTIFIER = co.tpcreative.AirQualityTests;
				PRODUCT_NAME = "$(TARGET_NAME)";
				SWIFT_VERSION = 5.0;
				TARGETED_DEVICE_FAMILY = "1,2";
				TEST_HOST = "$(BUILT_PRODUCTS_DIR)/AirQuality.app/AirQuality";
			};
			name = Debug;
		};
		31639FB326A99DD800F5D0E7 /* Release */ = {
			isa = XCBuildConfiguration;
			buildSettings = {
				ALWAYS_EMBED_SWIFT_STANDARD_LIBRARIES = YES;
				BUNDLE_LOADER = "$(TEST_HOST)";
				CODE_SIGN_STYLE = Automatic;
				DEVELOPMENT_TEAM = AQHNXZHZ8T;
				INFOPLIST_FILE = AirQualityTests/Info.plist;
				IPHONEOS_DEPLOYMENT_TARGET = 14.5;
				LD_RUNPATH_SEARCH_PATHS = (
					"$(inherited)",
					"@executable_path/Frameworks",
					"@loader_path/Frameworks",
				);
				PRODUCT_BUNDLE_IDENTIFIER = co.tpcreative.AirQualityTests;
				PRODUCT_NAME = "$(TARGET_NAME)";
				SWIFT_VERSION = 5.0;
				TARGETED_DEVICE_FAMILY = "1,2";
				TEST_HOST = "$(BUILT_PRODUCTS_DIR)/AirQuality.app/AirQuality";
			};
			name = Release;
		};
		31639FB526A99DD800F5D0E7 /* Debug */ = {
			isa = XCBuildConfiguration;
			buildSettings = {
				ALWAYS_EMBED_SWIFT_STANDARD_LIBRARIES = YES;
				CODE_SIGN_STYLE = Automatic;
				DEVELOPMENT_TEAM = AQHNXZHZ8T;
				INFOPLIST_FILE = AirQualityUITests/Info.plist;
				LD_RUNPATH_SEARCH_PATHS = (
					"$(inherited)",
					"@executable_path/Frameworks",
					"@loader_path/Frameworks",
				);
				PRODUCT_BUNDLE_IDENTIFIER = co.tpcreative.AirQualityUITests;
				PRODUCT_NAME = "$(TARGET_NAME)";
				SWIFT_VERSION = 5.0;
				TARGETED_DEVICE_FAMILY = "1,2";
				TEST_TARGET_NAME = AirQuality;
			};
			name = Debug;
		};
		31639FB626A99DD800F5D0E7 /* Release */ = {
			isa = XCBuildConfiguration;
			buildSettings = {
				ALWAYS_EMBED_SWIFT_STANDARD_LIBRARIES = YES;
				CODE_SIGN_STYLE = Automatic;
				DEVELOPMENT_TEAM = AQHNXZHZ8T;
				INFOPLIST_FILE = AirQualityUITests/Info.plist;
				LD_RUNPATH_SEARCH_PATHS = (
					"$(inherited)",
					"@executable_path/Frameworks",
					"@loader_path/Frameworks",
				);
				PRODUCT_BUNDLE_IDENTIFIER = co.tpcreative.AirQualityUITests;
				PRODUCT_NAME = "$(TARGET_NAME)";
				SWIFT_VERSION = 5.0;
				TARGETED_DEVICE_FAMILY = "1,2";
				TEST_TARGET_NAME = AirQuality;
			};
			name = Release;
		};
/* End XCBuildConfiguration section */

/* Begin XCConfigurationList section */
		31639F7F26A99DD500F5D0E7 /* Build configuration list for PBXProject "AirQuality" */ = {
			isa = XCConfigurationList;
			buildConfigurations = (
				31639FAC26A99DD800F5D0E7 /* Debug */,
				31639FAD26A99DD800F5D0E7 /* Release */,
			);
			defaultConfigurationIsVisible = 0;
			defaultConfigurationName = Release;
		};
		31639FAE26A99DD800F5D0E7 /* Build configuration list for PBXNativeTarget "AirQuality" */ = {
			isa = XCConfigurationList;
			buildConfigurations = (
				31639FAF26A99DD800F5D0E7 /* Debug */,
				31639FB026A99DD800F5D0E7 /* Release */,
			);
			defaultConfigurationIsVisible = 0;
			defaultConfigurationName = Release;
		};
		31639FB126A99DD800F5D0E7 /* Build configuration list for PBXNativeTarget "AirQualityTests" */ = {
			isa = XCConfigurationList;
			buildConfigurations = (
				31639FB226A99DD800F5D0E7 /* Debug */,
				31639FB326A99DD800F5D0E7 /* Release */,
			);
			defaultConfigurationIsVisible = 0;
			defaultConfigurationName = Release;
		};
		31639FB426A99DD800F5D0E7 /* Build configuration list for PBXNativeTarget "AirQualityUITests" */ = {
			isa = XCConfigurationList;
			buildConfigurations = (
				31639FB526A99DD800F5D0E7 /* Debug */,
				31639FB626A99DD800F5D0E7 /* Release */,
			);
			defaultConfigurationIsVisible = 0;
			defaultConfigurationName = Release;
		};
/* End XCConfigurationList section */
	};
	rootObject = 31639F7C26A99DD500F5D0E7 /* Project object */;
}
