// !$*UTF8*$!
{
	archiveVersion = 1;
	classes = {
	};
	objectVersion = 50;
	objects = {

/* Begin PBXBuildFile section */
		31639F8826A99DD500F5D0E7 /* AppDelegate.swift in Sources */ = {isa = PBXBuildFile; fileRef = 31639F8726A99DD500F5D0E7 /* AppDelegate.swift */; };
		31639F8A26A99DD500F5D0E7 /* SceneDelegate.swift in Sources */ = {isa = PBXBuildFile; fileRef = 31639F8926A99DD500F5D0E7 /* SceneDelegate.swift */; };
		31639F8C26A99DD500F5D0E7 /* ViewController.swift in Sources */ = {isa = PBXBuildFile; fileRef = 31639F8B26A99DD500F5D0E7 /* ViewController.swift */; };
		31639F8F26A99DD500F5D0E7 /* Main.storyboard in Resources */ = {isa = PBXBuildFile; fileRef = 31639F8D26A99DD500F5D0E7 /* Main.storyboard */; };
		31639F9126A99DD800F5D0E7 /* Assets.xcassets in Resources */ = {isa = PBXBuildFile; fileRef = 31639F9026A99DD800F5D0E7 /* Assets.xcassets */; };
		31639F9426A99DD800F5D0E7 /* LaunchScreen.storyboard in Resources */ = {isa = PBXBuildFile; fileRef = 31639F9226A99DD800F5D0E7 /* LaunchScreen.storyboard */; };
		31639F9F26A99DD800F5D0E7 /* AirQualityTests.swift in Sources */ = {isa = PBXBuildFile; fileRef = 31639F9E26A99DD800F5D0E7 /* AirQualityTests.swift */; };
		31639FAA26A99DD800F5D0E7 /* AirQualityUITests.swift in Sources */ = {isa = PBXBuildFile; fileRef = 31639FA926A99DD800F5D0E7 /* AirQualityUITests.swift */; };
/* End PBXBuildFile section */

/* Begin PBXContainerItemProxy section */
		31639F9B26A99DD800F5D0E7 /* PBXContainerItemProxy */ = {
			isa = PBXContainerItemProxy;
			containerPortal = 31639F7C26A99DD500F5D0E7 /* Project object */;
			proxyType = 1;
			remoteGlobalIDString = 31639F8326A99DD500F5D0E7;
			remoteInfo = AirQuality;
		};
		31639FA626A99DD800F5D0E7 /* PBXContainerItemProxy */ = {
			isa = PBXContainerItemProxy;
			containerPortal = 31639F7C26A99DD500F5D0E7 /* Project object */;
			proxyType = 1;
			remoteGlobalIDString = 31639F8326A99DD500F5D0E7;
			remoteInfo = AirQuality;
		};
/* End PBXContainerItemProxy section */

/* Begin PBXFileReference section */
		31639F8426A99DD500F5D0E7 /* AirQuality.app */ = {isa = PBXFileReference; explicitFileType = wrapper.application; includeInIndex = 0; path = AirQuality.app; sourceTree = BUILT_PRODUCTS_DIR; };
		31639F8726A99DD500F5D0E7 /* AppDelegate.swift */ = {isa = PBXFileReference; lastKnownFileType = sourcecode.swift; path = AppDelegate.swift; sourceTree = "<group>"; };
		31639F8926A99DD500F5D0E7 /* SceneDelegate.swift */ = {isa = PBXFileReference; lastKnownFileType = sourcecode.swift; path = SceneDelegate.swift; sourceTree = "<group>"; };
		31639F8B26A99DD500F5D0E7 /* ViewController.swift */ = {isa = PBXFileReference; lastKnownFileType = sourcecode.swift; path = ViewController.swift; sourceTree = "<group>"; };
		31639F8E26A99DD500F5D0E7 /* Base */ = {isa = PBXFileReference; lastKnownFileType = file.storyboard; name = Base; path = Base.lproj/Main.storyboard; sourceTree = "<group>"; };
		31639F9026A99DD800F5D0E7 /* Assets.xcassets */ = {isa = PBXFileReference; lastKnownFileType = folder.assetcatalog; path = Assets.xcassets; sourceTree = "<group>"; };
		31639F9326A99DD800F5D0E7 /* Base */ = {isa = PBXFileReference; lastKnownFileType = file.storyboard; name = Base; path = Base.lproj/LaunchScreen.storyboard; sourceTree = "<group>"; };
		31639F9526A99DD800F5D0E7 /* Info.plist */ = {isa = PBXFileReference; lastKnownFileType = text.plist.xml; path = Info.plist; sourceTree = "<group>"; };
		31639F9A26A99DD800F5D0E7 /* AirQualityTests.xctest */ = {isa = PBXFileReference; explicitFileType = wrapper.cfbundle; includeInIndex = 0; path = AirQualityTests.xctest; sourceTree = BUILT_PRODUCTS_DIR; };
		31639F9E26A99DD800F5D0E7 /* AirQualityTests.swift */ = {isa = PBXFileReference; lastKnownFileType = sourcecode.swift; path = AirQualityTests.swift; sourceTree = "<group>"; };
		31639FA026A99DD800F5D0E7 /* Info.plist */ = {isa = PBXFileReference; lastKnownFileType = text.plist.xml; path = Info.plist; sourceTree = "<group>"; };
		31639FA526A99DD800F5D0E7 /* AirQualityUITests.xctest */ = {isa = PBXFileReference; explicitFileType = wrapper.cfbundle; includeInIndex = 0; path = AirQualityUITests.xctest; sourceTree = BUILT_PRODUCTS_DIR; };
		31639FA926A99DD800F5D0E7 /* AirQualityUITests.swift */ = {isa = PBXFileReference; lastKnownFileType = sourcecode.swift; path = AirQualityUITests.swift; sourceTree = "<group>"; };
		31639FAB26A99DD800F5D0E7 /* Info.plist */ = {isa = PBXFileReference; lastKnownFileType = text.plist.xml; path = Info.plist; sourceTree = "<group>"; };
/* End PBXFileReference section */

/* Begin PBXFrameworksBuildPhase section */
		31639F8126A99DD500F5D0E7 /* Frameworks */ = {
			isa = PBXFrameworksBuildPhase;
			buildActionMask = 2147483647;
			files = (
			);
			runOnlyForDeploymentPostprocessing = 0;
		};
		31639F9726A99DD800F5D0E7 /* Frameworks */ = {
			isa = PBXFrameworksBuildPhase;
			buildActionMask = 2147483647;
			files = (
			);
			runOnlyForDeploymentPostprocessing = 0;
		};
		31639FA226A99DD800F5D0E7 /* Frameworks */ = {
			isa = PBXFrameworksBuildPhase;
			buildActionMask = 2147483647;
			files = (
			);
			runOnlyForDeploymentPostprocessing = 0;
		};
/* End PBXFrameworksBuildPhase section */

/* Begin PBXGroup section */
		31639F7B26A99DD500F5D0E7 = {
			isa = PBXGroup;
			children = (
				31639F8626A99DD500F5D0E7 /* AirQuality */,
				31639F9D26A99DD800F5D0E7 /* AirQualityTests */,
				31639FA826A99DD800F5D0E7 /* AirQualityUITests */,
				31639F8526A99DD500F5D0E7 /* Products */,
			);
			sourceTree = "<group>";
		};
		31639F8526A99DD500F5D0E7 /* Products */ = {
			isa = PBXGroup;
			children = (
				31639F8426A99DD500F5D0E7 /* AirQuality.app */,
				31639F9A26A99DD800F5D0E7 /* AirQualityTests.xctest */,
				31639FA526A99DD800F5D0E7 /* AirQualityUITests.xctest */,
			);
			name = Products;
			sourceTree = "<group>";
		};
		31639F8626A99DD500F5D0E7 /* AirQuality */ = {
			isa = PBXGroup;
			children = (
				31639F8726A99DD500F5D0E7 /* AppDelegate.swift */,
				31639F8926A99DD500F5D0E7 /* SceneDelegate.swift */,
				31639F8B26A99DD500F5D0E7 /* ViewController.swift */,
				31639F8D26A99DD500F5D0E7 /* Main.storyboard */,
				31639F9026A99DD800F5D0E7 /* Assets.xcassets */,
				31639F9226A99DD800F5D0E7 /* LaunchScreen.storyboard */,
				31639F9526A99DD800F5D0E7 /* Info.plist */,
			);
			path = AirQuality;
			sourceTree = "<group>";
		};
		31639F9D26A99DD800F5D0E7 /* AirQualityTests */ = {
			isa = PBXGroup;
			children = (
				31639F9E26A99DD800F5D0E7 /* AirQualityTests.swift */,
				31639FA026A99DD800F5D0E7 /* Info.plist */,
			);
			path = AirQualityTests;
			sourceTree = "<group>";
		};
		31639FA826A99DD800F5D0E7 /* AirQualityUITests */ = {
			isa = PBXGroup;
			children = (
				31639FA926A99DD800F5D0E7 /* AirQualityUITests.swift */,
				31639FAB26A99DD800F5D0E7 /* Info.plist */,
			);
			path = AirQualityUITests;
			sourceTree = "<group>";
		};
/* End PBXGroup section */

/* Begin PBXNativeTarget section */
		31639F8326A99DD500F5D0E7 /* AirQuality */ = {
			isa = PBXNativeTarget;
			buildConfigurationList = 31639FAE26A99DD800F5D0E7 /* Build configuration list for PBXNativeTarget "AirQuality" */;
			buildPhases = (
				31639F8026A99DD500F5D0E7 /* Sources */,
				31639F8126A99DD500F5D0E7 /* Frameworks */,
				31639F8226A99DD500F5D0E7 /* Resources */,
			);
			buildRules = (
			);
			dependencies = (
			);
			name = AirQuality;
			productName = AirQuality;
			productReference = 31639F8426A99DD500F5D0E7 /* AirQuality.app */;
			productType = "com.apple.product-type.application";
		};
		31639F9926A99DD800F5D0E7 /* AirQualityTests */ = {
			isa = PBXNativeTarget;
			buildConfigurationList = 31639FB126A99DD800F5D0E7 /* Build configuration list for PBXNativeTarget "AirQualityTests" */;
			buildPhases = (
				31639F9626A99DD800F5D0E7 /* Sources */,
				31639F9726A99DD800F5D0E7 /* Frameworks */,
				31639F9826A99DD800F5D0E7 /* Resources */,
			);
			buildRules = (
			);
			dependencies = (
				31639F9C26A99DD800F5D0E7 /* PBXTargetDependency */,
			);
			name = AirQualityTests;
			productName = AirQualityTests;
			productReference = 31639F9A26A99DD800F5D0E7 /* AirQualityTests.xctest */;
			productType = "com.apple.product-type.bundle.unit-test";
		};
		31639FA426A99DD800F5D0E7 /* AirQualityUITests */ = {
			isa = PBXNativeTarget;
			buildConfigurationList = 31639FB426A99DD800F5D0E7 /* Build configuration list for PBXNativeTarget "AirQualityUITests" */;
			buildPhases = (
				31639FA126A99DD800F5D0E7 /* Sources */,
				31639FA226A99DD800F5D0E7 /* Frameworks */,
				31639FA326A99DD800F5D0E7 /* Resources */,
			);
			buildRules = (
			);
			dependencies = (
				31639FA726A99DD800F5D0E7 /* PBXTargetDependency */,
			);
			name = AirQualityUITests;
			productName = AirQualityUITests;
			productReference = 31639FA526A99DD800F5D0E7 /* AirQualityUITests.xctest */;
			productType = "com.apple.product-type.bundle.ui-testing";
		};
/* End PBXNativeTarget section */

/* Begin PBXProject section */
		31639F7C26A99DD500F5D0E7 /* Project object */ = {
			isa = PBXProject;
			attributes = {
				LastSwiftUpdateCheck = 1250;
				LastUpgradeCheck = 1250;
				TargetAttributes = {
					31639F8326A99DD500F5D0E7 = {
						CreatedOnToolsVersion = 12.5.1;
					};
					31639F9926A99DD800F5D0E7 = {
						CreatedOnToolsVersion = 12.5.1;
						TestTargetID = 31639F8326A99DD500F5D0E7;
					};
					31639FA426A99DD800F5D0E7 = {
						CreatedOnToolsVersion = 12.5.1;
						TestTargetID = 31639F8326A99DD500F5D0E7;
					};
				};
			};
			buildConfigurationList = 31639F7F26A99DD500F5D0E7 /* Build configuration list for PBXProject "AirQuality" */;
			compatibilityVersion = "Xcode 9.3";
			developmentRegion = en;
			hasScannedForEncodings = 0;
			knownRegions = (
				en,
				Base,
			);
			mainGroup = 31639F7B26A99DD500F5D0E7;
			productRefGroup = 31639F8526A99DD500F5D0E7 /* Products */;
			projectDirPath = "";
			projectRoot = "";
			targets = (
				31639F8326A99DD500F5D0E7 /* AirQuality */,
				31639F9926A99DD800F5D0E7 /* AirQualityTests */,
				31639FA426A99DD800F5D0E7 /* AirQualityUITests */,
			);
		};
/* End PBXProject section */

/* Begin PBXResourcesBuildPhase section */
		31639F8226A99DD500F5D0E7 /* Resources */ = {
			isa = PBXResourcesBuildPhase;
			buildActionMask = 2147483647;
			files = (
				31639F9426A99DD800F5D0E7 /* LaunchScreen.storyboard in Resources */,
				31639F9126A99DD800F5D0E7 /* Assets.xcassets in Resources */,
				31639F8F26A99DD500F5D0E7 /* Main.storyboard in Resources */,
			);
			runOnlyForDeploymentPostprocessing = 0;
		};
		31639F9826A99DD800F5D0E7 /* Resources */ = {
			isa = PBXResourcesBuildPhase;
			buildActionMask = 2147483647;
			files = (
			);
			runOnlyForDeploymentPostprocessing = 0;
		};
		31639FA326A99DD800F5D0E7 /* Resources */ = {
			isa = PBXResourcesBuildPhase;
			buildActionMask = 2147483647;
			files = (
			);
			runOnlyForDeploymentPostprocessing = 0;
		};
/* End PBXResourcesBuildPhase section */

/* Begin PBXSourcesBuildPhase section */
		31639F8026A99DD500F5D0E7 /* Sources */ = {
			isa = PBXSourcesBuildPhase;
			buildActionMask = 2147483647;
			files = (
				31639F8C26A99DD500F5D0E7 /* ViewController.swift in Sources */,
				31639F8826A99DD500F5D0E7 /* AppDelegate.swift in Sources */,
				31639F8A26A99DD500F5D0E7 /* SceneDelegate.swift in Sources */,
			);
			runOnlyForDeploymentPostprocessing = 0;
		};
		31639F9626A99DD800F5D0E7 /* Sources */ = {
			isa = PBXSourcesBuildPhase;
			buildActionMask = 2147483647;
			files = (
				31639F9F26A99DD800F5D0E7 /* AirQualityTests.swift in Sources */,
			);
			runOnlyForDeploymentPostprocessing = 0;
		};
		31639FA126A99DD800F5D0E7 /* Sources */ = {
			isa = PBXSourcesBuildPhase;
			buildActionMask = 2147483647;
			files = (
				31639FAA26A99DD800F5D0E7 /* AirQualityUITests.swift in Sources */,
			);
			runOnlyForDeploymentPostprocessing = 0;
		};
/* End PBXSourcesBuildPhase section */

/* Begin PBXTargetDependency section */
		31639F9C26A99DD800F5D0E7 /* PBXTargetDependency */ = {
			isa = PBXTargetDependency;
			target = 31639F8326A99DD500F5D0E7 /* AirQuality */;
			targetProxy = 31639F9B26A99DD800F5D0E7 /* PBXContainerItemProxy */;
		};
		31639FA726A99DD800F5D0E7 /* PBXTargetDependency */ = {
			isa = PBXTargetDependency;
			target = 31639F8326A99DD500F5D0E7 /* AirQuality */;
			targetProxy = 31639FA626A99DD800F5D0E7 /* PBXContainerItemProxy */;
		};
/* End PBXTargetDependency section */

/* Begin PBXVariantGroup section */
		31639F8D26A99DD500F5D0E7 /* Main.storyboard */ = {
			isa = PBXVariantGroup;
			children = (
				31639F8E26A99DD500F5D0E7 /* Base */,
			);
			name = Main.storyboard;
			sourceTree = "<group>";
		};
		31639F9226A99DD800F5D0E7 /* LaunchScreen.storyboard */ = {
			isa = PBXVariantGroup;
			children = (
				31639F9326A99DD800F5D0E7 /* Base */,
			);
			name = LaunchScreen.storyboard;
			sourceTree = "<group>";
		};
/* End PBXVariantGroup section */

/* Begin XCBuildConfiguration section */
		31639FAC26A99DD800F5D0E7 /* Debug */ = {
			isa = XCBuildConfiguration;
			buildSettings = {
				ALWAYS_SEARCH_USER_PATHS = NO;
				CLANG_ANALYZER_NONNULL = YES;
				CLANG_ANALYZER_NUMBER_OBJECT_CONVERSION = YES_AGGRESSIVE;
				CLANG_CXX_LANGUAGE_STANDARD = "gnu++14";
				CLANG_CXX_LIBRARY = "libc++";
				CLANG_ENABLE_MODULES = YES;
				CLANG_ENABLE_OBJC_ARC = YES;
				CLANG_ENABLE_OBJC_WEAK = YES;
				CLANG_WARN_BLOCK_CAPTURE_AUTORELEASING = YES;
				CLANG_WARN_BOOL_CONVERSION = YES;
				CLANG_WARN_COMMA = YES;
				CLANG_WARN_CONSTANT_CONVERSION = YES;
				CLANG_WARN_DEPRECATED_OBJC_IMPLEMENTATIONS = YES;
				CLANG_WARN_DIRECT_OBJC_ISA_USAGE = YES_ERROR;
				CLANG_WARN_DOCUMENTATION_COMMENTS = YES;
				CLANG_WARN_EMPTY_BODY = YES;
				CLANG_WARN_ENUM_CONVERSION = YES;
				CLANG_WARN_INFINITE_RECURSION = YES;
				CLANG_WARN_INT_CONVERSION = YES;
				CLANG_WARN_NON_LITERAL_NULL_CONVERSION = YES;
				CLANG_WARN_OBJC_IMPLICIT_RETAIN_SELF = YES;
				CLANG_WARN_OBJC_LITERAL_CONVERSION = YES;
				CLANG_WARN_OBJC_ROOT_CLASS = YES_ERROR;
				CLANG_WARN_QUOTED_INCLUDE_IN_FRAMEWORK_HEADER = YES;
				CLANG_WARN_RANGE_LOOP_ANALYSIS = YES;
				CLANG_WARN_STRICT_PROTOTYPES = YES;
				CLANG_WARN_SUSPICIOUS_MOVE = YES;
				CLANG_WARN_UNGUARDED_AVAILABILITY = YES_AGGRESSIVE;
				CLANG_WARN_UNREACHABLE_CODE = YES;
				CLANG_WARN__DUPLICATE_METHOD_MATCH = YES;
				COPY_PHASE_STRIP = NO;
				DEBUG_INFORMATION_FORMAT = dwarf;
				ENABLE_STRICT_OBJC_MSGSEND = YES;
				ENABLE_TESTABILITY = YES;
				GCC_C_LANGUAGE_STANDARD = gnu11;
				GCC_DYNAMIC_NO_PIC = NO;
				GCC_NO_COMMON_BLOCKS = YES;
				GCC_OPTIMIZATION_LEVEL = 0;
				GCC_PREPROCESSOR_DEFINITIONS = (
					"DEBUG=1",
					"$(inherited)",
				);
				GCC_WARN_64_TO_32_BIT_CONVERSION = YES;
				GCC_WARN_ABOUT_RETURN_TYPE = YES_ERROR;
				GCC_WARN_UNDECLARED_SELECTOR = YES;
				GCC_WARN_UNINITIALIZED_AUTOS = YES_AGGRESSIVE;
				GCC_WARN_UNUSED_FUNCTION = YES;
				GCC_WARN_UNUSED_VARIABLE = YES;
				IPHONEOS_DEPLOYMENT_TARGET = 14.5;
				MTL_ENABLE_DEBUG_INFO = INCLUDE_SOURCE;
				MTL_FAST_MATH = YES;
				ONLY_ACTIVE_ARCH = YES;
				SDKROOT = iphoneos;
				SWIFT_ACTIVE_COMPILATION_CONDITIONS = DEBUG;
				SWIFT_OPTIMIZATION_LEVEL = "-Onone";
			};
			name = Debug;
		};
		31639FAD26A99DD800F5D0E7 /* Release */ = {
			isa = XCBuildConfiguration;
			buildSettings = {
				ALWAYS_SEARCH_USER_PATHS = NO;
				CLANG_ANALYZER_NONNULL = YES;
				CLANG_ANALYZER_NUMBER_OBJECT_CONVERSION = YES_AGGRESSIVE;
				CLANG_CXX_LANGUAGE_STANDARD = "gnu++14";
				CLANG_CXX_LIBRARY = "libc++";
				CLANG_ENABLE_MODULES = YES;
				CLANG_ENABLE_OBJC_ARC = YES;
				CLANG_ENABLE_OBJC_WEAK = YES;
				CLANG_WARN_BLOCK_CAPTURE_AUTORELEASING = YES;
				CLANG_WARN_BOOL_CONVERSION = YES;
				CLANG_WARN_COMMA = YES;
				CLANG_WARN_CONSTANT_CONVERSION = YES;
				CLANG_WARN_DEPRECATED_OBJC_IMPLEMENTATIONS = YES;
				CLANG_WARN_DIRECT_OBJC_ISA_USAGE = YES_ERROR;
				CLANG_WARN_DOCUMENTATION_COMMENTS = YES;
				CLANG_WARN_EMPTY_BODY = YES;
				CLANG_WARN_ENUM_CONVERSION = YES;
				CLANG_WARN_INFINITE_RECURSION = YES;
				CLANG_WARN_INT_CONVERSION = YES;
				CLANG_WARN_NON_LITERAL_NULL_CONVERSION = YES;
				CLANG_WARN_OBJC_IMPLICIT_RETAIN_SELF = YES;
				CLANG_WARN_OBJC_LITERAL_CONVERSION = YES;
				CLANG_WARN_OBJC_ROOT_CLASS = YES_ERROR;
				CLANG_WARN_QUOTED_INCLUDE_IN_FRAMEWORK_HEADER = YES;
				CLANG_WARN_RANGE_LOOP_ANALYSIS = YES;
				CLANG_WARN_STRICT_PROTOTYPES = YES;
				CLANG_WARN_SUSPICIOUS_MOVE = YES;
				CLANG_WARN_UNGUARDED_AVAILABILITY = YES_AGGRESSIVE;
				CLANG_WARN_UNREACHABLE_CODE = YES;
				CLANG_WARN__DUPLICATE_METHOD_MATCH = YES;
				COPY_PHASE_STRIP = NO;
				DEBUG_INFORMATION_FORMAT = "dwarf-with-dsym";
				ENABLE_NS_ASSERTIONS = NO;
				ENABLE_STRICT_OBJC_MSGSEND = YES;
				GCC_C_LANGUAGE_STANDARD = gnu11;
				GCC_NO_COMMON_BLOCKS = YES;
				GCC_WARN_64_TO_32_BIT_CONVERSION = YES;
				GCC_WARN_ABOUT_RETURN_TYPE = YES_ERROR;
				GCC_WARN_UNDECLARED_SELECTOR = YES;
				GCC_WARN_UNINITIALIZED_AUTOS = YES_AGGRESSIVE;
				GCC_WARN_UNUSED_FUNCTION = YES;
				GCC_WARN_UNUSED_VARIABLE = YES;
				IPHONEOS_DEPLOYMENT_TARGET = 14.5;
				MTL_ENABLE_DEBUG_INFO = NO;
				MTL_FAST_MATH = YES;
				SDKROOT = iphoneos;
				SWIFT_COMPILATION_MODE = wholemodule;
				SWIFT_OPTIMIZATION_LEVEL = "-O";
				VALIDATE_PRODUCT = YES;
			};
			name = Release;
		};
		31639FAF26A99DD800F5D0E7 /* Debug */ = {
			isa = XCBuildConfiguration;
			buildSettings = {
				ASSETCATALOG_COMPILER_APPICON_NAME = AppIcon;
				ASSETCATALOG_COMPILER_GLOBAL_ACCENT_COLOR_NAME = AccentColor;
				CODE_SIGN_STYLE = Automatic;
				DEVELOPMENT_TEAM = AQHNXZHZ8T;
				INFOPLIST_FILE = AirQuality/Info.plist;
				LD_RUNPATH_SEARCH_PATHS = (
					"$(inherited)",
					"@executable_path/Frameworks",
				);
				PRODUCT_BUNDLE_IDENTIFIER = co.tpcreative.AirQuality;
				PRODUCT_NAME = "$(TARGET_NAME)";
				SWIFT_VERSION = 5.0;
				TARGETED_DEVICE_FAMILY = "1,2";
			};
			name = Debug;
		};
		31639FB026A99DD800F5D0E7 /* Release */ = {
			isa = XCBuildConfiguration;
			buildSettings = {
				ASSETCATALOG_COMPILER_APPICON_NAME = AppIcon;
				ASSETCATALOG_COMPILER_GLOBAL_ACCENT_COLOR_NAME = AccentColor;
				CODE_SIGN_STYLE = Automatic;
				DEVELOPMENT_TEAM = AQHNXZHZ8T;
				INFOPLIST_FILE = AirQuality/Info.plist;
				LD_RUNPATH_SEARCH_PATHS = (
					"$(inherited)",
					"@executable_path/Frameworks",
				);
				PRODUCT_BUNDLE_IDENTIFIER = co.tpcreative.AirQuality;
				PRODUCT_NAME = "$(TARGET_NAME)";
				SWIFT_VERSION = 5.0;
				TARGETED_DEVICE_FAMILY = "1,2";
			};
			name = Release;
		};
		31639FB226A99DD800F5D0E7 /* Debug */ = {
			isa = XCBuildConfiguration;
			buildSettings = {
				ALWAYS_EMBED_SWIFT_STANDARD_LIBRARIES = YES;
				BUNDLE_LOADER = "$(TEST_HOST)";
				CODE_SIGN_STYLE = Automatic;
				DEVELOPMENT_TEAM = AQHNXZHZ8T;
				INFOPLIST_FILE = AirQualityTests/Info.plist;
				IPHONEOS_DEPLOYMENT_TARGET = 14.5;
				LD_RUNPATH_SEARCH_PATHS = (
					"$(inherited)",
					"@executable_path/Frameworks",
					"@loader_path/Frameworks",
				);
				PRODUCT_BUNDLE_IDENTIFIER = co.tpcreative.AirQualityTests;
				PRODUCT_NAME = "$(TARGET_NAME)";
				SWIFT_VERSION = 5.0;
				TARGETED_DEVICE_FAMILY = "1,2";
				TEST_HOST = "$(BUILT_PRODUCTS_DIR)/AirQuality.app/AirQuality";
			};
			name = Debug;
		};
		31639FB326A99DD800F5D0E7 /* Release */ = {
			isa = XCBuildConfiguration;
			buildSettings = {
				ALWAYS_EMBED_SWIFT_STANDARD_LIBRARIES = YES;
				BUNDLE_LOADER = "$(TEST_HOST)";
				CODE_SIGN_STYLE = Automatic;
				DEVELOPMENT_TEAM = AQHNXZHZ8T;
				INFOPLIST_FILE = AirQualityTests/Info.plist;
				IPHONEOS_DEPLOYMENT_TARGET = 14.5;
				LD_RUNPATH_SEARCH_PATHS = (
					"$(inherited)",
					"@executable_path/Frameworks",
					"@loader_path/Frameworks",
				);
				PRODUCT_BUNDLE_IDENTIFIER = co.tpcreative.AirQualityTests;
				PRODUCT_NAME = "$(TARGET_NAME)";
				SWIFT_VERSION = 5.0;
				TARGETED_DEVICE_FAMILY = "1,2";
				TEST_HOST = "$(BUILT_PRODUCTS_DIR)/AirQuality.app/AirQuality";
			};
			name = Release;
		};
		31639FB526A99DD800F5D0E7 /* Debug */ = {
			isa = XCBuildConfiguration;
			buildSettings = {
				ALWAYS_EMBED_SWIFT_STANDARD_LIBRARIES = YES;
				CODE_SIGN_STYLE = Automatic;
				DEVELOPMENT_TEAM = AQHNXZHZ8T;
				INFOPLIST_FILE = AirQualityUITests/Info.plist;
				LD_RUNPATH_SEARCH_PATHS = (
					"$(inherited)",
					"@executable_path/Frameworks",
					"@loader_path/Frameworks",
				);
				PRODUCT_BUNDLE_IDENTIFIER = co.tpcreative.AirQualityUITests;
				PRODUCT_NAME = "$(TARGET_NAME)";
				SWIFT_VERSION = 5.0;
				TARGETED_DEVICE_FAMILY = "1,2";
				TEST_TARGET_NAME = AirQuality;
			};
			name = Debug;
		};
		31639FB626A99DD800F5D0E7 /* Release */ = {
			isa = XCBuildConfiguration;
			buildSettings = {
				ALWAYS_EMBED_SWIFT_STANDARD_LIBRARIES = YES;
				CODE_SIGN_STYLE = Automatic;
				DEVELOPMENT_TEAM = AQHNXZHZ8T;
				INFOPLIST_FILE = AirQualityUITests/Info.plist;
				LD_RUNPATH_SEARCH_PATHS = (
					"$(inherited)",
					"@executable_path/Frameworks",
					"@loader_path/Frameworks",
				);
				PRODUCT_BUNDLE_IDENTIFIER = co.tpcreative.AirQualityUITests;
				PRODUCT_NAME = "$(TARGET_NAME)";
				SWIFT_VERSION = 5.0;
				TARGETED_DEVICE_FAMILY = "1,2";
				TEST_TARGET_NAME = AirQuality;
			};
			name = Release;
		};
/* End XCBuildConfiguration section */

/* Begin XCConfigurationList section */
		31639F7F26A99DD500F5D0E7 /* Build configuration list for PBXProject "AirQuality" */ = {
			isa = XCConfigurationList;
			buildConfigurations = (
				31639FAC26A99DD800F5D0E7 /* Debug */,
				31639FAD26A99DD800F5D0E7 /* Release */,
			);
			defaultConfigurationIsVisible = 0;
			defaultConfigurationName = Release;
		};
		31639FAE26A99DD800F5D0E7 /* Build configuration list for PBXNativeTarget "AirQuality" */ = {
			isa = XCConfigurationList;
			buildConfigurations = (
				31639FAF26A99DD800F5D0E7 /* Debug */,
				31639FB026A99DD800F5D0E7 /* Release */,
			);
			defaultConfigurationIsVisible = 0;
			defaultConfigurationName = Release;
		};
		31639FB126A99DD800F5D0E7 /* Build configuration list for PBXNativeTarget "AirQualityTests" */ = {
			isa = XCConfigurationList;
			buildConfigurations = (
				31639FB226A99DD800F5D0E7 /* Debug */,
				31639FB326A99DD800F5D0E7 /* Release */,
			);
			defaultConfigurationIsVisible = 0;
			defaultConfigurationName = Release;
		};
		31639FB426A99DD800F5D0E7 /* Build configuration list for PBXNativeTarget "AirQualityUITests" */ = {
			isa = XCConfigurationList;
			buildConfigurations = (
				31639FB526A99DD800F5D0E7 /* Debug */,
				31639FB626A99DD800F5D0E7 /* Release */,
			);
			defaultConfigurationIsVisible = 0;
			defaultConfigurationName = Release;
		};
/* End XCConfigurationList section */
	};
	rootObject = 31639F7C26A99DD500F5D0E7 /* Project object */;
}
